
Microsoft Visual Studio Solution File, Format Version 12.00
# Visual Studio 14
VisualStudioVersion = 14.0.24720.0
MinimumVisualStudioVersion = 10.0.40219.1
Project("{F184B08F-C81C-45F6-A57F-5ABD9991F28F}") = "ballance_tools", "ballance_tools\ballance_tools.vbproj", "{ADA71F5E-E25A-48EB-8134-F81B0A7633FC}"
EndProject
Project("{FAE04EC0-301F-11D3-BF4B-00C04F79EFBC}") = "ScoreManager", "ScoreManager\ScoreManager.csproj", "{ADCF8321-9CBA-4DE6-9525-A36DE0B7DF88}"
EndProject
Project("{F184B08F-C81C-45F6-A57F-5ABD9991F28F}") = "ballance_tools_deploy", "ballance_tools_deploy\ballance_tools_deploy.vbproj", "{F2F33938-3AD4-433A-8775-B11EFC8CC476}"
EndProject
Project("{F184B08F-C81C-45F6-A57F-5ABD9991F28F}") = "ballance_tools_monitor", "ballance_tools_monitor\ballance_tools_monitor.vbproj", "{E0DBD9B2-B271-40BA-BC16-443FF9D22975}"
EndProject
Project("{F184B08F-C81C-45F6-A57F-5ABD9991F28F}") = "ballance_tools_web", "ballance_tools_web\ballance_tools_web.vbproj", "{C8D10BE3-B863-42C6-BDF0-8F50994EB10C}"
EndProject
Project("{FAE04EC0-301F-11D3-BF4B-00C04F79EFBC}") = "ballance_tools_hook", "ballance_tools_hook\ballance_tools_hook.csproj", "{9CA3FE1F-C12F-45BF-BF8B-E915370D8604}"
EndProject
Global
	GlobalSection(SolutionConfigurationPlatforms) = preSolution
		Debug|Any CPU = Debug|Any CPU
		Release|Any CPU = Release|Any CPU
	EndGlobalSection
	GlobalSection(ProjectConfigurationPlatforms) = postSolution
		{ADA71F5E-E25A-48EB-8134-F81B0A7633FC}.Debug|Any CPU.ActiveCfg = Debug|Any CPU
		{ADA71F5E-E25A-48EB-8134-F81B0A7633FC}.Debug|Any CPU.Build.0 = Debug|Any CPU
		{ADA71F5E-E25A-48EB-8134-F81B0A7633FC}.Release|Any CPU.ActiveCfg = Release|Any CPU
		{ADA71F5E-E25A-48EB-8134-F81B0A7633FC}.Release|Any CPU.Build.0 = Release|Any CPU
		{ADCF8321-9CBA-4DE6-9525-A36DE0B7DF88}.Debug|Any CPU.ActiveCfg = Debug|Any CPU
		{ADCF8321-9CBA-4DE6-9525-A36DE0B7DF88}.Debug|Any CPU.Build.0 = Debug|Any CPU
		{ADCF8321-9CBA-4DE6-9525-A36DE0B7DF88}.Release|Any CPU.ActiveCfg = Release|Any CPU
		{ADCF8321-9CBA-4DE6-9525-A36DE0B7DF88}.Release|Any CPU.Build.0 = Release|Any CPU
		{F2F33938-3AD4-433A-8775-B11EFC8CC476}.Debug|Any CPU.ActiveCfg = Debug|Any CPU
		{F2F33938-3AD4-433A-8775-B11EFC8CC476}.Debug|Any CPU.Build.0 = Debug|Any CPU
		{F2F33938-3AD4-433A-8775-B11EFC8CC476}.Release|Any CPU.ActiveCfg = Release|Any CPU
		{F2F33938-3AD4-433A-8775-B11EFC8CC476}.Release|Any CPU.Build.0 = Release|Any CPU
		{E0DBD9B2-B271-40BA-BC16-443FF9D22975}.Debug|Any CPU.ActiveCfg = Debug|Any CPU
		{E0DBD9B2-B271-40BA-BC16-443FF9D22975}.Debug|Any CPU.Build.0 = Debug|Any CPU
		{E0DBD9B2-B271-40BA-BC16-443FF9D22975}.Release|Any CPU.ActiveCfg = Release|Any CPU
		{E0DBD9B2-B271-40BA-BC16-443FF9D22975}.Release|Any CPU.Build.0 = Release|Any CPU
		{C8D10BE3-B863-42C6-BDF0-8F50994EB10C}.Debug|Any CPU.ActiveCfg = Debug|Any CPU
		{C8D10BE3-B863-42C6-BDF0-8F50994EB10C}.Debug|Any CPU.Build.0 = Debug|Any CPU
		{C8D10BE3-B863-42C6-BDF0-8F50994EB10C}.Release|Any CPU.ActiveCfg = Release|Any CPU
		{C8D10BE3-B863-42C6-BDF0-8F50994EB10C}.Release|Any CPU.Build.0 = Release|Any CPU
		{9CA3FE1F-C12F-45BF-BF8B-E915370D8604}.Debug|Any CPU.ActiveCfg = Debug|Any CPU
		{9CA3FE1F-C12F-45BF-BF8B-E915370D8604}.Debug|Any CPU.Build.0 = Debug|Any CPU
		{9CA3FE1F-C12F-45BF-BF8B-E915370D8604}.Release|Any CPU.ActiveCfg = Release|Any CPU
		{9CA3FE1F-C12F-45BF-BF8B-E915370D8604}.Release|Any CPU.Build.0 = Release|Any CPU
	EndGlobalSection
	GlobalSection(SolutionProperties) = preSolution
		HideSolutionNode = FALSE
	EndGlobalSection
EndGlobal
